# GENERATED FILE - DO NOT EDIT DIRECTLY
schema_version: 1

bundle:
  version: "0.4.0-dev"
  release_sequence: 0
  channel: "development"
  source_commit: "b6ec1c5fec0d8a3cfe2f2a137345b76881d8f11d"
  digest: "sha256:9bbe6b84da6f459eb508510ad41fdb33cd199e54c3925b34bf95201e4543fe59"

projection:
  input_digest: "sha256:3f8712b1e5cba6324a3a6ce53ff33c87ca4d768d9cfbe7336a64d78aa7699e33"
  output_digest: "sha256:9cdcbe11b96f88ea2cb883bec396f14653751570402da44f9b33ed0fc06ea442"
  files:
    - path: ".claude/CLAUDE.md"
      digest: "sha256:7b50d15feae7b63b94d845b2fa6e19e3220527c5b0cac69303b7fc19bd7484a8"
    - path: ".gds/compiled-policy.json"
      digest: "sha256:9e887c3b6d68dd8d1aa293792a6528e1655050eaf2b46bfb1c3032c9dc1bf0bf"
    - path: "AGENTS.md"
      digest: "sha256:37a41633f771e7a95804071538e67836c47c36a142237a2fb8097297b34113d8"
