# GENERATED FILE - DO NOT EDIT DIRECTLY
schema_version: 1

bundle:
  version: "0.4.0-dev"
  release_sequence: 0
  channel: "development"
  source_tree_digest: "sha256:0e4da5903e2bfc87fe02ff97347e97c8dbbc203601e2fddeba798d5735535914"
  digest: "sha256:613d31538f49527be734db050030dbafcbcca6d9715c805526004356ee965639"

projection:
  input_digest: "sha256:40d98e8cfb71ac3c349340ec316377b16a43cdad9c9a1fd6abd1f4a0b08409e1"
  output_digest: "sha256:691dd0550a3f3a80447df5fe2e991d12f91b8b88f8e4d6aadadd0b7703c9ddcb"
  files:
    - path: ".claude/CLAUDE.md"
      digest: "sha256:7b50d15feae7b63b94d845b2fa6e19e3220527c5b0cac69303b7fc19bd7484a8"
    - path: ".gds/compiled-policy.json"
      digest: "sha256:eb993e8d0c9c09139b6b3c91e7c1dd9500d6268ca57ac73d1417611b73d9aeb6"
    - path: "AGENTS.md"
      digest: "sha256:37a41633f771e7a95804071538e67836c47c36a142237a2fb8097297b34113d8"
